// !$*UTF8*$!
{
	archiveVersion = 1;
	classes = {
	};
	objectVersion = 56;
	objects = {

/* Begin PBXBuildFile section */
		EB7B91B62B316A5A00F9CCF0 /* IosCalculatorApp.swift in Sources */ = {isa = PBXBuildFile; fileRef = EB7B91B52B316A5A00F9CCF0 /* IosCalculatorApp.swift */; };
		EB7B91B82B316A5A00F9CCF0 /* ContentView.swift in Sources */ = {isa = PBXBuildFile; fileRef = EB7B91B72B316A5A00F9CCF0 /* ContentView.swift */; };
		EB7B91BA2B316A5E00F9CCF0 /* Assets.xcassets in Resources */ = {isa = PBXBuildFile; fileRef = EB7B91B92B316A5E00F9CCF0 /* Assets.xcassets */; };
		EB7B91BD2B316A5E00F9CCF0 /* Preview Assets.xcassets in Resources */ = {isa = PBXBuildFile; fileRef = EB7B91BC2B316A5E00F9CCF0 /* Preview Assets.xcassets */; };
		EB7B91C72B316A5E00F9CCF0 /* IosCalculatorTests.swift in Sources */ = {isa = PBXBuildFile; fileRef = EB7B91C62B316A5E00F9CCF0 /* IosCalculatorTests.swift */; };
		EB7B91D12B316A5E00F9CCF0 /* IosCalculatorUITests.swift in Sources */ = {isa = PBXBuildFile; fileRef = EB7B91D02B316A5E00F9CCF0 /* IosCalculatorUITests.swift */; };
		EB7B91D32B316A5E00F9CCF0 /* IosCalculatorUITestsLaunchTests.swift in Sources */ = {isa = PBXBuildFile; fileRef = EB7B91D22B316A5E00F9CCF0 /* IosCalculatorUITestsLaunchTests.swift */; };
/* End PBXBuildFile section */

/* Begin PBXContainerItemProxy section */
		EB7B91C32B316A5E00F9CCF0 /* PBXContainerItemProxy */ = {
			isa = PBXContainerItemProxy;
			containerPortal = EB7B91AA2B316A5A00F9CCF0 /* Project object */;
			proxyType = 1;
			remoteGlobalIDString = EB7B91B12B316A5A00F9CCF0;
			remoteInfo = IosCalculator;
		};
		EB7B91CD2B316A5E00F9CCF0 /* PBXContainerItemProxy */ = {
			isa = PBXContainerItemProxy;
			containerPortal = EB7B91AA2B316A5A00F9CCF0 /* Project object */;
			proxyType = 1;
			remoteGlobalIDString = EB7B91B12B316A5A00F9CCF0;
			remoteInfo = IosCalculator;
		};
/* End PBXContainerItemProxy section */

/* Begin PBXFileReference section */
		EB7B91B22B316A5A00F9CCF0 /* IosCalculator.app */ = {isa = PBXFileReference; explicitFileType = wrapper.application; includeInIndex = 0; path = IosCalculator.app; sourceTree = BUILT_PRODUCTS_DIR; };
		EB7B91B52B316A5A00F9CCF0 /* IosCalculatorApp.swift */ = {isa = PBXFileReference; lastKnownFileType = sourcecode.swift; path = IosCalculatorApp.swift; sourceTree = "<group>"; };
		EB7B91B72B316A5A00F9CCF0 /* ContentView.swift */ = {isa = PBXFileReference; lastKnownFileType = sourcecode.swift; path = ContentView.swift; sourceTree = "<group>"; };
		EB7B91B92B316A5E00F9CCF0 /* Assets.xcassets */ = {isa = PBXFileReference; lastKnownFileType = folder.assetcatalog; path = Assets.xcassets; sourceTree = "<group>"; };
		EB7B91BC2B316A5E00F9CCF0 /* Preview Assets.xcassets */ = {isa = PBXFileReference; lastKnownFileType = folder.assetcatalog; path = "Preview Assets.xcassets"; sourceTree = "<group>"; };
		EB7B91C22B316A5E00F9CCF0 /* IosCalculatorTests.xctest */ = {isa = PBXFileReference; explicitFileType = wrapper.cfbundle; includeInIndex = 0; path = IosCalculatorTests.xctest; sourceTree = BUILT_PRODUCTS_DIR; };
		EB7B91C62B316A5E00F9CCF0 /* IosCalculatorTests.swift */ = {isa = PBXFileReference; lastKnownFileType = sourcecode.swift; path = IosCalculatorTests.swift; sourceTree = "<group>"; };
		EB7B91CC2B316A5E00F9CCF0 /* IosCalculatorUITests.xctest */ = {isa = PBXFileReference; explicitFileType = wrapper.cfbundle; includeInIndex = 0; path = IosCalculatorUITests.xctest; sourceTree = BUILT_PRODUCTS_DIR; };
		EB7B91D02B316A5E00F9CCF0 /* IosCalculatorUITests.swift */ = {isa = PBXFileReference; lastKnownFileType = sourcecode.swift; path = IosCalculatorUITests.swift; sourceTree = "<group>"; };
		EB7B91D22B316A5E00F9CCF0 /* IosCalculatorUITestsLaunchTests.swift */ = {isa = PBXFileReference; lastKnownFileType = sourcecode.swift; path = IosCalculatorUITestsLaunchTests.swift; sourceTree = "<group>"; };
/* End PBXFileReference section */

/* Begin PBXFrameworksBuildPhase section */
		EB7B91AF2B316A5A00F9CCF0 /* Frameworks */ = {
			isa = PBXFrameworksBuildPhase;
			buildActionMask = 2147483647;
			files = (
			);
			runOnlyForDeploymentPostprocessing = 0;
		};
		EB7B91BF2B316A5E00F9CCF0 /* Frameworks */ = {
			isa = PBXFrameworksBuildPhase;
			buildActionMask = 2147483647;
			files = (
			);
			runOnlyForDeploymentPostprocessing = 0;
		};
		EB7B91C92B316A5E00F9CCF0 /* Frameworks */ = {
			isa = PBXFrameworksBuildPhase;
			buildActionMask = 2147483647;
			files = (
			);
			runOnlyForDeploymentPostprocessing = 0;
		};
/* End PBXFrameworksBuildPhase section */

/* Begin PBXGroup section */
		EB7B91A92B316A5A00F9CCF0 = {
			isa = PBXGroup;
			children = (
				EB7B91B42B316A5A00F9CCF0 /* IosCalculator */,
				EB7B91C52B316A5E00F9CCF0 /* IosCalculatorTests */,
				EB7B91CF2B316A5E00F9CCF0 /* IosCalculatorUITests */,
				EB7B91B32B316A5A00F9CCF0 /* Products */,
			);
			sourceTree = "<group>";
		};
		EB7B91B32B316A5A00F9CCF0 /* Products */ = {
			isa = PBXGroup;
			children = (
				EB7B91B22B316A5A00F9CCF0 /* IosCalculator.app */,
				EB7B91C22B316A5E00F9CCF0 /* IosCalculatorTests.xctest */,
				EB7B91CC2B316A5E00F9CCF0 /* IosCalculatorUITests.xctest */,
			);
			name = Products;
			sourceTree = "<group>";
		};
		EB7B91B42B316A5A00F9CCF0 /* IosCalculator */ = {
			isa = PBXGroup;
			children = (
				EB7B91B52B316A5A00F9CCF0 /* IosCalculatorApp.swift */,
				EB7B91B72B316A5A00F9CCF0 /* ContentView.swift */,
				EB7B91B92B316A5E00F9CCF0 /* Assets.xcassets */,
				EB7B91BB2B316A5E00F9CCF0 /* Preview Content */,
			);
			path = IosCalculator;
			sourceTree = "<group>";
		};
		EB7B91BB2B316A5E00F9CCF0 /* Preview Content */ = {
			isa = PBXGroup;
			children = (
				EB7B91BC2B316A5E00F9CCF0 /* Preview Assets.xcassets */,
			);
			path = "Preview Content";
			sourceTree = "<group>";
		};
		EB7B91C52B316A5E00F9CCF0 /* IosCalculatorTests */ = {
			isa = PBXGroup;
			children = (
				EB7B91C62B316A5E00F9CCF0 /* IosCalculatorTests.swift */,
			);
			path = IosCalculatorTests;
			sourceTree = "<group>";
		};
		EB7B91CF2B316A5E00F9CCF0 /* IosCalculatorUITests */ = {
			isa = PBXGroup;
			children = (
				EB7B91D02B316A5E00F9CCF0 /* IosCalculatorUITests.swift */,
				EB7B91D22B316A5E00F9CCF0 /* IosCalculatorUITestsLaunchTests.swift */,
			);
			path = IosCalculatorUITests;
			sourceTree = "<group>";
		};
/* End PBXGroup section */

/* Begin PBXNativeTarget section */
		EB7B91B12B316A5A00F9CCF0 /* IosCalculator */ = {
			isa = PBXNativeTarget;
			buildConfigurationList = EB7B91D62B316A5E00F9CCF0 /* Build configuration list for PBXNativeTarget "IosCalculator" */;
			buildPhases = (
				EB7B91AE2B316A5A00F9CCF0 /* Sources */,
				EB7B91AF2B316A5A00F9CCF0 /* Frameworks */,
				EB7B91B02B316A5A00F9CCF0 /* Resources */,
			);
			buildRules = (
			);
			dependencies = (
			);
			name = IosCalculator;
			productName = IosCalculator;
			productReference = EB7B91B22B316A5A00F9CCF0 /* IosCalculator.app */;
			productType = "com.apple.product-type.application";
		};
		EB7B91C12B316A5E00F9CCF0 /* IosCalculatorTests */ = {
			isa = PBXNativeTarget;
			buildConfigurationList = EB7B91D92B316A5E00F9CCF0 /* Build configuration list for PBXNativeTarget "IosCalculatorTests" */;
			buildPhases = (
				EB7B91BE2B316A5E00F9CCF0 /* Sources */,
				EB7B91BF2B316A5E00F9CCF0 /* Frameworks */,
				EB7B91C02B316A5E00F9CCF0 /* Resources */,
			);
			buildRules = (
			);
			dependencies = (
				EB7B91C42B316A5E00F9CCF0 /* PBXTargetDependency */,
			);
			name = IosCalculatorTests;
			productName = IosCalculatorTests;
			productReference = EB7B91C22B316A5E00F9CCF0 /* IosCalculatorTests.xctest */;
			productType = "com.apple.product-type.bundle.unit-test";
		};
		EB7B91CB2B316A5E00F9CCF0 /* IosCalculatorUITests */ = {
			isa = PBXNativeTarget;
			buildConfigurationList = EB7B91DC2B316A5E00F9CCF0 /* Build configuration list for PBXNativeTarget "IosCalculatorUITests" */;
			buildPhases = (
				EB7B91C82B316A5E00F9CCF0 /* Sources */,
				EB7B91C92B316A5E00F9CCF0 /* Frameworks */,
				EB7B91CA2B316A5E00F9CCF0 /* Resources */,
			);
			buildRules = (
			);
			dependencies = (
				EB7B91CE2B316A5E00F9CCF0 /* PBXTargetDependency */,
			);
			name = IosCalculatorUITests;
			productName = IosCalculatorUITests;
			productReference = EB7B91CC2B316A5E00F9CCF0 /* IosCalculatorUITests.xctest */;
			productType = "com.apple.product-type.bundle.ui-testing";
		};
/* End PBXNativeTarget section */

/* Begin PBXProject section */
		EB7B91AA2B316A5A00F9CCF0 /* Project object */ = {
			isa = PBXProject;
			attributes = {
				BuildIndependentTargetsInParallel = 1;
				LastSwiftUpdateCheck = 1510;
				LastUpgradeCheck = 1510;
				TargetAttributes = {
					EB7B91B12B316A5A00F9CCF0 = {
						CreatedOnToolsVersion = 15.1;
					};
					EB7B91C12B316A5E00F9CCF0 = {
						CreatedOnToolsVersion = 15.1;
						TestTargetID = EB7B91B12B316A5A00F9CCF0;
					};
					EB7B91CB2B316A5E00F9CCF0 = {
						CreatedOnToolsVersion = 15.1;
						TestTargetID = EB7B91B12B316A5A00F9CCF0;
					};
				};
			};
			buildConfigurationList = EB7B91AD2B316A5A00F9CCF0 /* Build configuration list for PBXProject "IosCalculator" */;
			compatibilityVersion = "Xcode 14.0";
			developmentRegion = en;
			hasScannedForEncodings = 0;
			knownRegions = (
				en,
				Base,
			);
			mainGroup = EB7B91A92B316A5A00F9CCF0;
			productRefGroup = EB7B91B32B316A5A00F9CCF0 /* Products */;
			projectDirPath = "";
			projectRoot = "";
			targets = (
				EB7B91B12B316A5A00F9CCF0 /* IosCalculator */,
				EB7B91C12B316A5E00F9CCF0 /* IosCalculatorTests */,
				EB7B91CB2B316A5E00F9CCF0 /* IosCalculatorUITests */,
			);
		};
/* End PBXProject section */

/* Begin PBXResourcesBuildPhase section */
		EB7B91B02B316A5A00F9CCF0 /* Resources */ = {
			isa = PBXResourcesBuildPhase;
			buildActionMask = 2147483647;
			files = (
				EB7B91BD2B316A5E00F9CCF0 /* Preview Assets.xcassets in Resources */,
				EB7B91BA2B316A5E00F9CCF0 /* Assets.xcassets in Resources */,
			);
			runOnlyForDeploymentPostprocessing = 0;
		};
		EB7B91C02B316A5E00F9CCF0 /* Resources */ = {
			isa = PBXResourcesBuildPhase;
			buildActionMask = 2147483647;
			files = (
			);
			runOnlyForDeploymentPostprocessing = 0;
		};
		EB7B91CA2B316A5E00F9CCF0 /* Resources */ = {
			isa = PBXResourcesBuildPhase;
			buildActionMask = 2147483647;
			files = (
			);
			runOnlyForDeploymentPostprocessing = 0;
		};
/* End PBXResourcesBuildPhase section */

/* Begin PBXSourcesBuildPhase section */
		EB7B91AE2B316A5A00F9CCF0 /* Sources */ = {
			isa = PBXSourcesBuildPhase;
			buildActionMask = 2147483647;
			files = (
				EB7B91B82B316A5A00F9CCF0 /* ContentView.swift in Sources */,
				EB7B91B62B316A5A00F9CCF0 /* IosCalculatorApp.swift in Sources */,
			);
			runOnlyForDeploymentPostprocessing = 0;
		};
		EB7B91BE2B316A5E00F9CCF0 /* Sources */ = {
			isa = PBXSourcesBuildPhase;
			buildActionMask = 2147483647;
			files = (
				EB7B91C72B316A5E00F9CCF0 /* IosCalculatorTests.swift in Sources */,
			);
			runOnlyForDeploymentPostprocessing = 0;
		};
		EB7B91C82B316A5E00F9CCF0 /* Sources */ = {
			isa = PBXSourcesBuildPhase;
			buildActionMask = 2147483647;
			files = (
				EB7B91D32B316A5E00F9CCF0 /* IosCalculatorUITestsLaunchTests.swift in Sources */,
				EB7B91D12B316A5E00F9CCF0 /* IosCalculatorUITests.swift in Sources */,
			);
			runOnlyForDeploymentPostprocessing = 0;
		};
/* End PBXSourcesBuildPhase section */

/* Begin PBXTargetDependency section */
		EB7B91C42B316A5E00F9CCF0 /* PBXTargetDependency */ = {
			isa = PBXTargetDependency;
			target = EB7B91B12B316A5A00F9CCF0 /* IosCalculator */;
			targetProxy = EB7B91C32B316A5E00F9CCF0 /* PBXContainerItemProxy */;
		};
		EB7B91CE2B316A5E00F9CCF0 /* PBXTargetDependency */ = {
			isa = PBXTargetDependency;
			target = EB7B91B12B316A5A00F9CCF0 /* IosCalculator */;
			targetProxy = EB7B91CD2B316A5E00F9CCF0 /* PBXContainerItemProxy */;
		};
/* End PBXTargetDependency section */

/* Begin XCBuildConfiguration section */
		EB7B91D42B316A5E00F9CCF0 /* Debug */ = {
			isa = XCBuildConfiguration;
			buildSettings = {
				ALWAYS_SEARCH_USER_PATHS = NO;
				ASSETCATALOG_COMPILER_GENERATE_SWIFT_ASSET_SYMBOL_EXTENSIONS = YES;
				CLANG_ANALYZER_NONNULL = YES;
				CLANG_ANALYZER_NUMBER_OBJECT_CONVERSION = YES_AGGRESSIVE;
				CLANG_CXX_LANGUAGE_STANDARD = "gnu++20";
				CLANG_ENABLE_MODULES = YES;
				CLANG_ENABLE_OBJC_ARC = YES;
				CLANG_ENABLE_OBJC_WEAK = YES;
				CLANG_WARN_BLOCK_CAPTURE_AUTORELEASING = YES;
				CLANG_WARN_BOOL_CONVERSION = YES;
				CLANG_WARN_COMMA = YES;
				CLANG_WARN_CONSTANT_CONVERSION = YES;
				CLANG_WARN_DEPRECATED_OBJC_IMPLEMENTATIONS = YES;
				CLANG_WARN_DIRECT_OBJC_ISA_USAGE = YES_ERROR;
				CLANG_WARN_DOCUMENTATION_COMMENTS = YES;
				CLANG_WARN_EMPTY_BODY = YES;
				CLANG_WARN_ENUM_CONVERSION = YES;
				CLANG_WARN_INFINITE_RECURSION = YES;
				CLANG_WARN_INT_CONVERSION = YES;
				CLANG_WARN_NON_LITERAL_NULL_CONVERSION = YES;
				CLANG_WARN_OBJC_IMPLICIT_RETAIN_SELF = YES;
				CLANG_WARN_OBJC_LITERAL_CONVERSION = YES;
				CLANG_WARN_OBJC_ROOT_CLASS = YES_ERROR;
				CLANG_WARN_QUOTED_INCLUDE_IN_FRAMEWORK_HEADER = YES;
				CLANG_WARN_RANGE_LOOP_ANALYSIS = YES;
				CLANG_WARN_STRICT_PROTOTYPES = YES;
				CLANG_WARN_SUSPICIOUS_MOVE = YES;
				CLANG_WARN_UNGUARDED_AVAILABILITY = YES_AGGRESSIVE;
				CLANG_WARN_UNREACHABLE_CODE = YES;
				CLANG_WARN__DUPLICATE_METHOD_MATCH = YES;
				COPY_PHASE_STRIP = NO;
				DEBUG_INFORMATION_FORMAT = dwarf;
				ENABLE_STRICT_OBJC_MSGSEND = YES;
				ENABLE_TESTABILITY = YES;
				ENABLE_USER_SCRIPT_SANDBOXING = YES;
				GCC_C_LANGUAGE_STANDARD = gnu17;
				GCC_DYNAMIC_NO_PIC = NO;
				GCC_NO_COMMON_BLOCKS = YES;
				GCC_OPTIMIZATION_LEVEL = 0;
				GCC_PREPROCESSOR_DEFINITIONS = (
					"DEBUG=1",
					"$(inherited)",
				);
				GCC_WARN_64_TO_32_BIT_CONVERSION = YES;
				GCC_WARN_ABOUT_RETURN_TYPE = YES_ERROR;
				GCC_WARN_UNDECLARED_SELECTOR = YES;
				GCC_WARN_UNINITIALIZED_AUTOS = YES_AGGRESSIVE;
				GCC_WARN_UNUSED_FUNCTION = YES;
				GCC_WARN_UNUSED_VARIABLE = YES;
				IPHONEOS_DEPLOYMENT_TARGET = 17.2;
				LOCALIZATION_PREFERS_STRING_CATALOGS = YES;
				MTL_ENABLE_DEBUG_INFO = INCLUDE_SOURCE;
				MTL_FAST_MATH = YES;
				ONLY_ACTIVE_ARCH = YES;
				SDKROOT = iphoneos;
				SWIFT_ACTIVE_COMPILATION_CONDITIONS = "DEBUG $(inherited)";
				SWIFT_OPTIMIZATION_LEVEL = "-Onone";
			};
			name = Debug;
		};
		EB7B91D52B316A5E00F9CCF0 /* Release */ = {
			isa = XCBuildConfiguration;
			buildSettings = {
				ALWAYS_SEARCH_USER_PATHS = NO;
				ASSETCATALOG_COMPILER_GENERATE_SWIFT_ASSET_SYMBOL_EXTENSIONS = YES;
				CLANG_ANALYZER_NONNULL = YES;
				CLANG_ANALYZER_NUMBER_OBJECT_CONVERSION = YES_AGGRESSIVE;
				CLANG_CXX_LANGUAGE_STANDARD = "gnu++20";
				CLANG_ENABLE_MODULES = YES;
				CLANG_ENABLE_OBJC_ARC = YES;
				CLANG_ENABLE_OBJC_WEAK = YES;
				CLANG_WARN_BLOCK_CAPTURE_AUTORELEASING = YES;
				CLANG_WARN_BOOL_CONVERSION = YES;
				CLANG_WARN_COMMA = YES;
				CLANG_WARN_CONSTANT_CONVERSION = YES;
				CLANG_WARN_DEPRECATED_OBJC_IMPLEMENTATIONS = YES;
				CLANG_WARN_DIRECT_OBJC_ISA_USAGE = YES_ERROR;
				CLANG_WARN_DOCUMENTATION_COMMENTS = YES;
				CLANG_WARN_EMPTY_BODY = YES;
				CLANG_WARN_ENUM_CONVERSION = YES;
				CLANG_WARN_INFINITE_RECURSION = YES;
				CLANG_WARN_INT_CONVERSION = YES;
				CLANG_WARN_NON_LITERAL_NULL_CONVERSION = YES;
				CLANG_WARN_OBJC_IMPLICIT_RETAIN_SELF = YES;
				CLANG_WARN_OBJC_LITERAL_CONVERSION = YES;
				CLANG_WARN_OBJC_ROOT_CLASS = YES_ERROR;
				CLANG_WARN_QUOTED_INCLUDE_IN_FRAMEWORK_HEADER = YES;
				CLANG_WARN_RANGE_LOOP_ANALYSIS = YES;
				CLANG_WARN_STRICT_PROTOTYPES = YES;
				CLANG_WARN_SUSPICIOUS_MOVE = YES;
				CLANG_WARN_UNGUARDED_AVAILABILITY = YES_AGGRESSIVE;
				CLANG_WARN_UNREACHABLE_CODE = YES;
				CLANG_WARN__DUPLICATE_METHOD_MATCH = YES;
				COPY_PHASE_STRIP = NO;
				DEBUG_INFORMATION_FORMAT = "dwarf-with-dsym";
				ENABLE_NS_ASSERTIONS = NO;
				ENABLE_STRICT_OBJC_MSGSEND = YES;
				ENABLE_USER_SCRIPT_SANDBOXING = YES;
				GCC_C_LANGUAGE_STANDARD = gnu17;
				GCC_NO_COMMON_BLOCKS = YES;
				GCC_WARN_64_TO_32_BIT_CONVERSION = YES;
				GCC_WARN_ABOUT_RETURN_TYPE = YES_ERROR;
				GCC_WARN_UNDECLARED_SELECTOR = YES;
				GCC_WARN_UNINITIALIZED_AUTOS = YES_AGGRESSIVE;
				GCC_WARN_UNUSED_FUNCTION = YES;
				GCC_WARN_UNUSED_VARIABLE = YES;
				IPHONEOS_DEPLOYMENT_TARGET = 17.2;
				LOCALIZATION_PREFERS_STRING_CATALOGS = YES;
				MTL_ENABLE_DEBUG_INFO = NO;
				MTL_FAST_MATH = YES;
				SDKROOT = iphoneos;
				SWIFT_COMPILATION_MODE = wholemodule;
				VALIDATE_PRODUCT = YES;
			};
			name = Release;
		};
		EB7B91D72B316A5E00F9CCF0 /* Debug */ = {
			isa = XCBuildConfiguration;
			buildSettings = {
				ASSETCATALOG_COMPILER_APPICON_NAME = AppIcon;
				ASSETCATALOG_COMPILER_GLOBAL_ACCENT_COLOR_NAME = AccentColor;
				CODE_SIGN_STYLE = Automatic;
				CURRENT_PROJECT_VERSION = 1;
				DEVELOPMENT_ASSET_PATHS = "\"IosCalculator/Preview Content\"";
				ENABLE_PREVIEWS = YES;
				GENERATE_INFOPLIST_FILE = YES;
				INFOPLIST_KEY_UIApplicationSceneManifest_Generation = YES;
				INFOPLIST_KEY_UIApplicationSupportsIndirectInputEvents = YES;
				INFOPLIST_KEY_UILaunchScreen_Generation = YES;
				INFOPLIST_KEY_UISupportedInterfaceOrientations_iPad = "UIInterfaceOrientationPortrait UIInterfaceOrientationPortraitUpsideDown UIInterfaceOrientationLandscapeLeft UIInterfaceOrientationLandscapeRight";
				INFOPLIST_KEY_UISupportedInterfaceOrientations_iPhone = "UIInterfaceOrientationPortrait UIInterfaceOrientationLandscapeLeft UIInterfaceOrientationLandscapeRight";
				LD_RUNPATH_SEARCH_PATHS = (
					"$(inherited)",
					"@executable_path/Frameworks",
				);
				MARKETING_VERSION = 1.0;
				PRODUCT_BUNDLE_IDENTIFIER = pedro.IosCalculator;
				PRODUCT_NAME = "$(TARGET_NAME)";
				SWIFT_EMIT_LOC_STRINGS = YES;
				SWIFT_VERSION = 5.0;
				TARGETED_DEVICE_FAMILY = "1,2";
			};
			name = Debug;
		};
		EB7B91D82B316A5E00F9CCF0 /* Release */ = {
			isa = XCBuildConfiguration;
			buildSettings = {
				ASSETCATALOG_COMPILER_APPICON_NAME = AppIcon;
				ASSETCATALOG_COMPILER_GLOBAL_ACCENT_COLOR_NAME = AccentColor;
				CODE_SIGN_STYLE = Automatic;
				CURRENT_PROJECT_VERSION = 1;
				DEVELOPMENT_ASSET_PATHS = "\"IosCalculator/Preview Content\"";
				ENABLE_PREVIEWS = YES;
				GENERATE_INFOPLIST_FILE = YES;
				INFOPLIST_KEY_UIApplicationSceneManifest_Generation = YES;
				INFOPLIST_KEY_UIApplicationSupportsIndirectInputEvents = YES;
				INFOPLIST_KEY_UILaunchScreen_Generation = YES;
				INFOPLIST_KEY_UISupportedInterfaceOrientations_iPad = "UIInterfaceOrientationPortrait UIInterfaceOrientationPortraitUpsideDown UIInterfaceOrientationLandscapeLeft UIInterfaceOrientationLandscapeRight";
				INFOPLIST_KEY_UISupportedInterfaceOrientations_iPhone = "UIInterfaceOrientationPortrait UIInterfaceOrientationLandscapeLeft UIInterfaceOrientationLandscapeRight";
				LD_RUNPATH_SEARCH_PATHS = (
					"$(inherited)",
					"@executable_path/Frameworks",
				);
				MARKETING_VERSION = 1.0;
				PRODUCT_BUNDLE_IDENTIFIER = pedro.IosCalculator;
				PRODUCT_NAME = "$(TARGET_NAME)";
				SWIFT_EMIT_LOC_STRINGS = YES;
				SWIFT_VERSION = 5.0;
				TARGETED_DEVICE_FAMILY = "1,2";
			};
			name = Release;
		};
		EB7B91DA2B316A5E00F9CCF0 /* Debug */ = {
			isa = XCBuildConfiguration;
			buildSettings = {
				ALWAYS_EMBED_SWIFT_STANDARD_LIBRARIES = YES;
				BUNDLE_LOADER = "$(TEST_HOST)";
				CODE_SIGN_STYLE = Automatic;
				CURRENT_PROJECT_VERSION = 1;
				GENERATE_INFOPLIST_FILE = YES;
				IPHONEOS_DEPLOYMENT_TARGET = 17.2;
				MARKETING_VERSION = 1.0;
				PRODUCT_BUNDLE_IDENTIFIER = pedro.IosCalculatorTests;
				PRODUCT_NAME = "$(TARGET_NAME)";
				SWIFT_EMIT_LOC_STRINGS = NO;
				SWIFT_VERSION = 5.0;
				TARGETED_DEVICE_FAMILY = "1,2";
				TEST_HOST = "$(BUILT_PRODUCTS_DIR)/IosCalculator.app/$(BUNDLE_EXECUTABLE_FOLDER_PATH)/IosCalculator";
			};
			name = Debug;
		};
		EB7B91DB2B316A5E00F9CCF0 /* Release */ = {
			isa = XCBuildConfiguration;
			buildSettings = {
				ALWAYS_EMBED_SWIFT_STANDARD_LIBRARIES = YES;
				BUNDLE_LOADER = "$(TEST_HOST)";
				CODE_SIGN_STYLE = Automatic;
				CURRENT_PROJECT_VERSION = 1;
				GENERATE_INFOPLIST_FILE = YES;
				IPHONEOS_DEPLOYMENT_TARGET = 17.2;
				MARKETING_VERSION = 1.0;
				PRODUCT_BUNDLE_IDENTIFIER = pedro.IosCalculatorTests;
				PRODUCT_NAME = "$(TARGET_NAME)";
				SWIFT_EMIT_LOC_STRINGS = NO;
				SWIFT_VERSION = 5.0;
				TARGETED_DEVICE_FAMILY = "1,2";
				TEST_HOST = "$(BUILT_PRODUCTS_DIR)/IosCalculator.app/$(BUNDLE_EXECUTABLE_FOLDER_PATH)/IosCalculator";
			};
			name = Release;
		};
		EB7B91DD2B316A5E00F9CCF0 /* Debug */ = {
			isa = XCBuildConfiguration;
			buildSettings = {
				ALWAYS_EMBED_SWIFT_STANDARD_LIBRARIES = YES;
				CODE_SIGN_STYLE = Automatic;
				CURRENT_PROJECT_VERSION = 1;
				GENERATE_INFOPLIST_FILE = YES;
				MARKETING_VERSION = 1.0;
				PRODUCT_BUNDLE_IDENTIFIER = pedro.IosCalculatorUITests;
				PRODUCT_NAME = "$(TARGET_NAME)";
				SWIFT_EMIT_LOC_STRINGS = NO;
				SWIFT_VERSION = 5.0;
				TARGETED_DEVICE_FAMILY = "1,2";
				TEST_TARGET_NAME = IosCalculator;
			};
			name = Debug;
		};
		EB7B91DE2B316A5E00F9CCF0 /* Release */ = {
			isa = XCBuildConfiguration;
			buildSettings = {
				ALWAYS_EMBED_SWIFT_STANDARD_LIBRARIES = YES;
				CODE_SIGN_STYLE = Automatic;
				CURRENT_PROJECT_VERSION = 1;
				GENERATE_INFOPLIST_FILE = YES;
				MARKETING_VERSION = 1.0;
				PRODUCT_BUNDLE_IDENTIFIER = pedro.IosCalculatorUITests;
				PRODUCT_NAME = "$(TARGET_NAME)";
				SWIFT_EMIT_LOC_STRINGS = NO;
				SWIFT_VERSION = 5.0;
				TARGETED_DEVICE_FAMILY = "1,2";
				TEST_TARGET_NAME = IosCalculator;
			};
			name = Release;
		};
/* End XCBuildConfiguration section */

/* Begin XCConfigurationList section */
		EB7B91AD2B316A5A00F9CCF0 /* Build configuration list for PBXProject "IosCalculator" */ = {
			isa = XCConfigurationList;
			buildConfigurations = (
				EB7B91D42B316A5E00F9CCF0 /* Debug */,
				EB7B91D52B316A5E00F9CCF0 /* Release */,
			);
			defaultConfigurationIsVisible = 0;
			defaultConfigurationName = Release;
		};
		EB7B91D62B316A5E00F9CCF0 /* Build configuration list for PBXNativeTarget "IosCalculator" */ = {
			isa = XCConfigurationList;
			buildConfigurations = (
				EB7B91D72B316A5E00F9CCF0 /* Debug */,
				EB7B91D82B316A5E00F9CCF0 /* Release */,
			);
			defaultConfigurationIsVisible = 0;
			defaultConfigurationName = Release;
		};
		EB7B91D92B316A5E00F9CCF0 /* Build configuration list for PBXNativeTarget "IosCalculatorTests" */ = {
			isa = XCConfigurationList;
			buildConfigurations = (
				EB7B91DA2B316A5E00F9CCF0 /* Debug */,
				EB7B91DB2B316A5E00F9CCF0 /* Release */,
			);
			defaultConfigurationIsVisible = 0;
			defaultConfigurationName = Release;
		};
		EB7B91DC2B316A5E00F9CCF0 /* Build configuration list for PBXNativeTarget "IosCalculatorUITests" */ = {
			isa = XCConfigurationList;
			buildConfigurations = (
				EB7B91DD2B316A5E00F9CCF0 /* Debug */,
				EB7B91DE2B316A5E00F9CCF0 /* Release */,
			);
			defaultConfigurationIsVisible = 0;
			defaultConfigurationName = Release;
		};
/* End XCConfigurationList section */
	};
	rootObject = EB7B91AA2B316A5A00F9CCF0 /* Project object */;
}
